// !$*UTF8*$!
{
	archiveVersion = 1;
	classes = {
	};
	objectVersion = 56;
	objects = {

/* Begin PBXBuildFile section */
		347526C82B3134100022DB52 /* CircleImage.swift in Sources */ = {isa = PBXBuildFile; fileRef = 347526C72B3134100022DB52 /* CircleImage.swift */; };
		347E2C862B3128E400897F76 /* LandmarksApp.swift in Sources */ = {isa = PBXBuildFile; fileRef = 347E2C852B3128E400897F76 /* LandmarksApp.swift */; };
		347E2C882B3128E400897F76 /* ContentView.swift in Sources */ = {isa = PBXBuildFile; fileRef = 347E2C872B3128E400897F76 /* ContentView.swift */; };
		347E2C8A2B3128E500897F76 /* Assets.xcassets in Resources */ = {isa = PBXBuildFile; fileRef = 347E2C892B3128E500897F76 /* Assets.xcassets */; };
		347E2C8E2B3128E500897F76 /* Preview Assets.xcassets in Resources */ = {isa = PBXBuildFile; fileRef = 347E2C8D2B3128E500897F76 /* Preview Assets.xcassets */; };
		34A12E792B35001D006A2E48 /* MapView.swift in Sources */ = {isa = PBXBuildFile; fileRef = 34A12E782B35001D006A2E48 /* MapView.swift */; };
		34A12E7B2B3506F9006A2E48 /* landmarkData.json in Resources */ = {isa = PBXBuildFile; fileRef = 34A12E7A2B3506F9006A2E48 /* landmarkData.json */; };
		34A12E7D2B350753006A2E48 /* Landmark.swift in Sources */ = {isa = PBXBuildFile; fileRef = 34A12E7C2B350753006A2E48 /* Landmark.swift */; };
		34A12E7F2B350D4D006A2E48 /* ModelData.swift in Sources */ = {isa = PBXBuildFile; fileRef = 34A12E7E2B350D4D006A2E48 /* ModelData.swift */; };
		34A12E842B354841006A2E48 /* LandmarkList.swift in Sources */ = {isa = PBXBuildFile; fileRef = 34A12E832B354841006A2E48 /* LandmarkList.swift */; };
		34A12E862B3550BB006A2E48 /* LandmarkDetail.swift in Sources */ = {isa = PBXBuildFile; fileRef = 34A12E852B3550BB006A2E48 /* LandmarkDetail.swift */; };
		34D50CFC2B38140700E1C043 /* FavoriteButton.swift in Sources */ = {isa = PBXBuildFile; fileRef = 34D50CFB2B38140700E1C043 /* FavoriteButton.swift */; };
		34D50D022B381B9100E1C043 /* LandmarkRow.swift in Sources */ = {isa = PBXBuildFile; fileRef = 34D50D012B381B7200E1C043 /* LandmarkRow.swift */; };
/* End PBXBuildFile section */

/* Begin PBXFileReference section */
		347526C72B3134100022DB52 /* CircleImage.swift */ = {isa = PBXFileReference; lastKnownFileType = sourcecode.swift; path = CircleImage.swift; sourceTree = "<group>"; };
		347E2C822B3128E400897F76 /* Landmarks.app */ = {isa = PBXFileReference; explicitFileType = wrapper.application; includeInIndex = 0; path = Landmarks.app; sourceTree = BUILT_PRODUCTS_DIR; };
		347E2C852B3128E400897F76 /* LandmarksApp.swift */ = {isa = PBXFileReference; lastKnownFileType = sourcecode.swift; path = LandmarksApp.swift; sourceTree = "<group>"; };
		347E2C872B3128E400897F76 /* ContentView.swift */ = {isa = PBXFileReference; lastKnownFileType = sourcecode.swift; path = ContentView.swift; sourceTree = "<group>"; };
		347E2C892B3128E500897F76 /* Assets.xcassets */ = {isa = PBXFileReference; lastKnownFileType = folder.assetcatalog; path = Assets.xcassets; sourceTree = "<group>"; };
		347E2C8B2B3128E500897F76 /* Landmarks.entitlements */ = {isa = PBXFileReference; lastKnownFileType = text.plist.entitlements; path = Landmarks.entitlements; sourceTree = "<group>"; };
		347E2C8D2B3128E500897F76 /* Preview Assets.xcassets */ = {isa = PBXFileReference; lastKnownFileType = folder.assetcatalog; path = "Preview Assets.xcassets"; sourceTree = "<group>"; };
		34A12E782B35001D006A2E48 /* MapView.swift */ = {isa = PBXFileReference; lastKnownFileType = sourcecode.swift; path = MapView.swift; sourceTree = "<group>"; };
		34A12E7A2B3506F9006A2E48 /* landmarkData.json */ = {isa = PBXFileReference; fileEncoding = 4; lastKnownFileType = text.json; path = landmarkData.json; sourceTree = "<group>"; };
		34A12E7C2B350753006A2E48 /* Landmark.swift */ = {isa = PBXFileReference; lastKnownFileType = sourcecode.swift; path = Landmark.swift; sourceTree = "<group>"; };
		34A12E7E2B350D4D006A2E48 /* ModelData.swift */ = {isa = PBXFileReference; lastKnownFileType = sourcecode.swift; path = ModelData.swift; sourceTree = "<group>"; };
		34A12E832B354841006A2E48 /* LandmarkList.swift */ = {isa = PBXFileReference; lastKnownFileType = sourcecode.swift; path = LandmarkList.swift; sourceTree = "<group>"; };
		34A12E852B3550BB006A2E48 /* LandmarkDetail.swift */ = {isa = PBXFileReference; lastKnownFileType = sourcecode.swift; path = LandmarkDetail.swift; sourceTree = "<group>"; };
		34D50CFB2B38140700E1C043 /* FavoriteButton.swift */ = {isa = PBXFileReference; lastKnownFileType = sourcecode.swift; path = FavoriteButton.swift; sourceTree = "<group>"; };
		34D50D012B381B7200E1C043 /* LandmarkRow.swift */ = {isa = PBXFileReference; lastKnownFileType = sourcecode.swift; path = LandmarkRow.swift; sourceTree = "<group>"; };
/* End PBXFileReference section */

/* Begin PBXFrameworksBuildPhase section */
		347E2C7F2B3128E400897F76 /* Frameworks */ = {
			isa = PBXFrameworksBuildPhase;
			buildActionMask = 2147483647;
			files = (
			);
			runOnlyForDeploymentPostprocessing = 0;
		};
/* End PBXFrameworksBuildPhase section */

/* Begin PBXGroup section */
		34650BAB2B356D0800D8CEF8 /* Resources */ = {
			isa = PBXGroup;
			children = (
				34A12E7A2B3506F9006A2E48 /* landmarkData.json */,
			);
			path = Resources;
			sourceTree = "<group>";
		};
		34650BAC2B356D2000D8CEF8 /* Model */ = {
			isa = PBXGroup;
			children = (
				34A12E7E2B350D4D006A2E48 /* ModelData.swift */,
				34A12E7C2B350753006A2E48 /* Landmark.swift */,
			);
			path = Model;
			sourceTree = "<group>";
		};
		347E2C792B3128E400897F76 = {
			isa = PBXGroup;
			children = (
				347E2C842B3128E400897F76 /* Landmarks */,
				347E2C832B3128E400897F76 /* Products */,
			);
			sourceTree = "<group>";
		};
		347E2C832B3128E400897F76 /* Products */ = {
			isa = PBXGroup;
			children = (
				347E2C822B3128E400897F76 /* Landmarks.app */,
			);
			name = Products;
			sourceTree = "<group>";
		};
		347E2C842B3128E400897F76 /* Landmarks */ = {
			isa = PBXGroup;
			children = (
				34A12E802B350ED9006A2E48 /* Views */,
				34650BAC2B356D2000D8CEF8 /* Model */,
				347E2C852B3128E400897F76 /* LandmarksApp.swift */,
				347E2C892B3128E500897F76 /* Assets.xcassets */,
				347E2C8B2B3128E500897F76 /* Landmarks.entitlements */,
				347E2C8C2B3128E500897F76 /* Preview Content */,
				34650BAB2B356D0800D8CEF8 /* Resources */,
			);
			path = Landmarks;
			sourceTree = "<group>";
		};
		347E2C8C2B3128E500897F76 /* Preview Content */ = {
			isa = PBXGroup;
			children = (
				347E2C8D2B3128E500897F76 /* Preview Assets.xcassets */,
			);
			path = "Preview Content";
			sourceTree = "<group>";
		};
		34A12E802B350ED9006A2E48 /* Views */ = {
			isa = PBXGroup;
			children = (
				34D50CFE2B38162F00E1C043 /* Landmarks */,
				34D50CFF2B38167B00E1C043 /* Helper */,
				347E2C872B3128E400897F76 /* ContentView.swift */,
			);
			path = Views;
			sourceTree = "<group>";
		};
		34D50CFE2B38162F00E1C043 /* Landmarks */ = {
			isa = PBXGroup;
			children = (
				34D50D012B381B7200E1C043 /* LandmarkRow.swift */,
				34A12E832B354841006A2E48 /* LandmarkList.swift */,
				34A12E852B3550BB006A2E48 /* LandmarkDetail.swift */,
			);
			path = Landmarks;
			sourceTree = "<group>";
		};
		34D50CFF2B38167B00E1C043 /* Helper */ = {
			isa = PBXGroup;
			children = (
				34D50CFB2B38140700E1C043 /* FavoriteButton.swift */,
				347526C72B3134100022DB52 /* CircleImage.swift */,
				34A12E782B35001D006A2E48 /* MapView.swift */,
			);
			path = Helper;
			sourceTree = "<group>";
		};
/* End PBXGroup section */

/* Begin PBXNativeTarget section */
		347E2C812B3128E400897F76 /* Landmarks */ = {
			isa = PBXNativeTarget;
			buildConfigurationList = 347E2C912B3128E500897F76 /* Build configuration list for PBXNativeTarget "Landmarks" */;
			buildPhases = (
				347E2C7E2B3128E400897F76 /* Sources */,
				347E2C7F2B3128E400897F76 /* Frameworks */,
				347E2C802B3128E400897F76 /* Resources */,
			);
			buildRules = (
			);
			dependencies = (
			);
			name = Landmarks;
			productName = Landmarks;
			productReference = 347E2C822B3128E400897F76 /* Landmarks.app */;
			productType = "com.apple.product-type.application";
		};
/* End PBXNativeTarget section */

/* Begin PBXProject section */
		347E2C7A2B3128E400897F76 /* Project object */ = {
			isa = PBXProject;
			attributes = {
				BuildIndependentTargetsInParallel = 1;
				LastSwiftUpdateCheck = 1510;
				LastUpgradeCheck = 1510;
				TargetAttributes = {
					347E2C812B3128E400897F76 = {
						CreatedOnToolsVersion = 15.1;
					};
				};
			};
			buildConfigurationList = 347E2C7D2B3128E400897F76 /* Build configuration list for PBXProject "Landmarks" */;
			compatibilityVersion = "Xcode 14.0";
			developmentRegion = en;
			hasScannedForEncodings = 0;
			knownRegions = (
				en,
				Base,
			);
			mainGroup = 347E2C792B3128E400897F76;
			productRefGroup = 347E2C832B3128E400897F76 /* Products */;
			projectDirPath = "";
			projectRoot = "";
			targets = (
				347E2C812B3128E400897F76 /* Landmarks */,
			);
		};
/* End PBXProject section */

/* Begin PBXResourcesBuildPhase section */
		347E2C802B3128E400897F76 /* Resources */ = {
			isa = PBXResourcesBuildPhase;
			buildActionMask = 2147483647;
			files = (
				347E2C8E2B3128E500897F76 /* Preview Assets.xcassets in Resources */,
				347E2C8A2B3128E500897F76 /* Assets.xcassets in Resources */,
				34A12E7B2B3506F9006A2E48 /* landmarkData.json in Resources */,
			);
			runOnlyForDeploymentPostprocessing = 0;
		};
/* End PBXResourcesBuildPhase section */

/* Begin PBXSourcesBuildPhase section */
		347E2C7E2B3128E400897F76 /* Sources */ = {
			isa = PBXSourcesBuildPhase;
			buildActionMask = 2147483647;
			files = (
				347E2C882B3128E400897F76 /* ContentView.swift in Sources */,
				34A12E862B3550BB006A2E48 /* LandmarkDetail.swift in Sources */,
				34D50CFC2B38140700E1C043 /* FavoriteButton.swift in Sources */,
				34A12E792B35001D006A2E48 /* MapView.swift in Sources */,
				347E2C862B3128E400897F76 /* LandmarksApp.swift in Sources */,
				34A12E842B354841006A2E48 /* LandmarkList.swift in Sources */,
				347526C82B3134100022DB52 /* CircleImage.swift in Sources */,
				34A12E7D2B350753006A2E48 /* Landmark.swift in Sources */,
				34D50D022B381B9100E1C043 /* LandmarkRow.swift in Sources */,
				34A12E7F2B350D4D006A2E48 /* ModelData.swift in Sources */,
			);
			runOnlyForDeploymentPostprocessing = 0;
		};
/* End PBXSourcesBuildPhase section */

/* Begin XCBuildConfiguration section */
		347E2C8F2B3128E500897F76 /* Debug */ = {
			isa = XCBuildConfiguration;
			buildSettings = {
				ALWAYS_SEARCH_USER_PATHS = NO;
				ASSETCATALOG_COMPILER_GENERATE_SWIFT_ASSET_SYMBOL_EXTENSIONS = YES;
				CLANG_ANALYZER_NONNULL = YES;
				CLANG_ANALYZER_NUMBER_OBJECT_CONVERSION = YES_AGGRESSIVE;
				CLANG_CXX_LANGUAGE_STANDARD = "gnu++20";
				CLANG_ENABLE_MODULES = YES;
				CLANG_ENABLE_OBJC_ARC = YES;
				CLANG_ENABLE_OBJC_WEAK = YES;
				CLANG_WARN_BLOCK_CAPTURE_AUTORELEASING = YES;
				CLANG_WARN_BOOL_CONVERSION = YES;
				CLANG_WARN_COMMA = YES;
				CLANG_WARN_CONSTANT_CONVERSION = YES;
				CLANG_WARN_DEPRECATED_OBJC_IMPLEMENTATIONS = YES;
				CLANG_WARN_DIRECT_OBJC_ISA_USAGE = YES_ERROR;
				CLANG_WARN_DOCUMENTATION_COMMENTS = YES;
				CLANG_WARN_EMPTY_BODY = YES;
				CLANG_WARN_ENUM_CONVERSION = YES;
				CLANG_WARN_INFINITE_RECURSION = YES;
				CLANG_WARN_INT_CONVERSION = YES;
				CLANG_WARN_NON_LITERAL_NULL_CONVERSION = YES;
				CLANG_WARN_OBJC_IMPLICIT_RETAIN_SELF = YES;
				CLANG_WARN_OBJC_LITERAL_CONVERSION = YES;
				CLANG_WARN_OBJC_ROOT_CLASS = YES_ERROR;
				CLANG_WARN_QUOTED_INCLUDE_IN_FRAMEWORK_HEADER = YES;
				CLANG_WARN_RANGE_LOOP_ANALYSIS = YES;
				CLANG_WARN_STRICT_PROTOTYPES = YES;
				CLANG_WARN_SUSPICIOUS_MOVE = YES;
				CLANG_WARN_UNGUARDED_AVAILABILITY = YES_AGGRESSIVE;
				CLANG_WARN_UNREACHABLE_CODE = YES;
				CLANG_WARN__DUPLICATE_METHOD_MATCH = YES;
				COPY_PHASE_STRIP = NO;
				DEBUG_INFORMATION_FORMAT = dwarf;
				ENABLE_STRICT_OBJC_MSGSEND = YES;
				ENABLE_TESTABILITY = YES;
				ENABLE_USER_SCRIPT_SANDBOXING = YES;
				GCC_C_LANGUAGE_STANDARD = gnu17;
				GCC_DYNAMIC_NO_PIC = NO;
				GCC_NO_COMMON_BLOCKS = YES;
				GCC_OPTIMIZATION_LEVEL = 0;
				GCC_PREPROCESSOR_DEFINITIONS = (
					"DEBUG=1",
					"$(inherited)",
				);
				GCC_WARN_64_TO_32_BIT_CONVERSION = YES;
				GCC_WARN_ABOUT_RETURN_TYPE = YES_ERROR;
				GCC_WARN_UNDECLARED_SELECTOR = YES;
				GCC_WARN_UNINITIALIZED_AUTOS = YES_AGGRESSIVE;
				GCC_WARN_UNUSED_FUNCTION = YES;
				GCC_WARN_UNUSED_VARIABLE = YES;
				LOCALIZATION_PREFERS_STRING_CATALOGS = YES;
				MTL_ENABLE_DEBUG_INFO = INCLUDE_SOURCE;
				MTL_FAST_MATH = YES;
				ONLY_ACTIVE_ARCH = YES;
				SWIFT_ACTIVE_COMPILATION_CONDITIONS = "DEBUG $(inherited)";
				SWIFT_OPTIMIZATION_LEVEL = "-Onone";
			};
			name = Debug;
		};
		347E2C902B3128E500897F76 /* Release */ = {
			isa = XCBuildConfiguration;
			buildSettings = {
				ALWAYS_SEARCH_USER_PATHS = NO;
				ASSETCATALOG_COMPILER_GENERATE_SWIFT_ASSET_SYMBOL_EXTENSIONS = YES;
				CLANG_ANALYZER_NONNULL = YES;
				CLANG_ANALYZER_NUMBER_OBJECT_CONVERSION = YES_AGGRESSIVE;
				CLANG_CXX_LANGUAGE_STANDARD = "gnu++20";
				CLANG_ENABLE_MODULES = YES;
				CLANG_ENABLE_OBJC_ARC = YES;
				CLANG_ENABLE_OBJC_WEAK = YES;
				CLANG_WARN_BLOCK_CAPTURE_AUTORELEASING = YES;
				CLANG_WARN_BOOL_CONVERSION = YES;
				CLANG_WARN_COMMA = YES;
				CLANG_WARN_CONSTANT_CONVERSION = YES;
				CLANG_WARN_DEPRECATED_OBJC_IMPLEMENTATIONS = YES;
				CLANG_WARN_DIRECT_OBJC_ISA_USAGE = YES_ERROR;
				CLANG_WARN_DOCUMENTATION_COMMENTS = YES;
				CLANG_WARN_EMPTY_BODY = YES;
				CLANG_WARN_ENUM_CONVERSION = YES;
				CLANG_WARN_INFINITE_RECURSION = YES;
				CLANG_WARN_INT_CONVERSION = YES;
				CLANG_WARN_NON_LITERAL_NULL_CONVERSION = YES;
				CLANG_WARN_OBJC_IMPLICIT_RETAIN_SELF = YES;
				CLANG_WARN_OBJC_LITERAL_CONVERSION = YES;
				CLANG_WARN_OBJC_ROOT_CLASS = YES_ERROR;
				CLANG_WARN_QUOTED_INCLUDE_IN_FRAMEWORK_HEADER = YES;
				CLANG_WARN_RANGE_LOOP_ANALYSIS = YES;
				CLANG_WARN_STRICT_PROTOTYPES = YES;
				CLANG_WARN_SUSPICIOUS_MOVE = YES;
				CLANG_WARN_UNGUARDED_AVAILABILITY = YES_AGGRESSIVE;
				CLANG_WARN_UNREACHABLE_CODE = YES;
				CLANG_WARN__DUPLICATE_METHOD_MATCH = YES;
				COPY_PHASE_STRIP = NO;
				DEBUG_INFORMATION_FORMAT = "dwarf-with-dsym";
				ENABLE_NS_ASSERTIONS = NO;
				ENABLE_STRICT_OBJC_MSGSEND = YES;
				ENABLE_USER_SCRIPT_SANDBOXING = YES;
				GCC_C_LANGUAGE_STANDARD = gnu17;
				GCC_NO_COMMON_BLOCKS = YES;
				GCC_WARN_64_TO_32_BIT_CONVERSION = YES;
				GCC_WARN_ABOUT_RETURN_TYPE = YES_ERROR;
				GCC_WARN_UNDECLARED_SELECTOR = YES;
				GCC_WARN_UNINITIALIZED_AUTOS = YES_AGGRESSIVE;
				GCC_WARN_UNUSED_FUNCTION = YES;
				GCC_WARN_UNUSED_VARIABLE = YES;
				LOCALIZATION_PREFERS_STRING_CATALOGS = YES;
				MTL_ENABLE_DEBUG_INFO = NO;
				MTL_FAST_MATH = YES;
				SWIFT_COMPILATION_MODE = wholemodule;
			};
			name = Release;
		};
		347E2C922B3128E500897F76 /* Debug */ = {
			isa = XCBuildConfiguration;
			buildSettings = {
				ASSETCATALOG_COMPILER_APPICON_NAME = AppIcon;
				ASSETCATALOG_COMPILER_GLOBAL_ACCENT_COLOR_NAME = AccentColor;
				CODE_SIGN_ENTITLEMENTS = Landmarks/Landmarks.entitlements;
				CODE_SIGN_STYLE = Automatic;
				CURRENT_PROJECT_VERSION = 1;
				DEVELOPMENT_ASSET_PATHS = "\"Landmarks/Preview Content\"";
				DEVELOPMENT_TEAM = 23244392NK;
				ENABLE_HARDENED_RUNTIME = YES;
				ENABLE_PREVIEWS = YES;
				GENERATE_INFOPLIST_FILE = YES;
				"INFOPLIST_KEY_UIApplicationSceneManifest_Generation[sdk=iphoneos*]" = YES;
				"INFOPLIST_KEY_UIApplicationSceneManifest_Generation[sdk=iphonesimulator*]" = YES;
				"INFOPLIST_KEY_UIApplicationSupportsIndirectInputEvents[sdk=iphoneos*]" = YES;
				"INFOPLIST_KEY_UIApplicationSupportsIndirectInputEvents[sdk=iphonesimulator*]" = YES;
				"INFOPLIST_KEY_UILaunchScreen_Generation[sdk=iphoneos*]" = YES;
				"INFOPLIST_KEY_UILaunchScreen_Generation[sdk=iphonesimulator*]" = YES;
				"INFOPLIST_KEY_UIStatusBarStyle[sdk=iphoneos*]" = UIStatusBarStyleDefault;
				"INFOPLIST_KEY_UIStatusBarStyle[sdk=iphonesimulator*]" = UIStatusBarStyleDefault;
				INFOPLIST_KEY_UISupportedInterfaceOrientations_iPad = "UIInterfaceOrientationPortrait UIInterfaceOrientationPortraitUpsideDown UIInterfaceOrientationLandscapeLeft UIInterfaceOrientationLandscapeRight";
				INFOPLIST_KEY_UISupportedInterfaceOrientations_iPhone = "UIInterfaceOrientationPortrait UIInterfaceOrientationLandscapeLeft UIInterfaceOrientationLandscapeRight";
				IPHONEOS_DEPLOYMENT_TARGET = 17.1;
				LD_RUNPATH_SEARCH_PATHS = "@executable_path/Frameworks";
				"LD_RUNPATH_SEARCH_PATHS[sdk=macosx*]" = "@executable_path/../Frameworks";
				MACOSX_DEPLOYMENT_TARGET = 14.0;
				MARKETING_VERSION = 1.0;
				PRODUCT_BUNDLE_IDENTIFIER = com.soroush.test.Landmarks;
				PRODUCT_NAME = "$(TARGET_NAME)";
				SDKROOT = auto;
				SUPPORTED_PLATFORMS = "iphoneos iphonesimulator macosx";
				SWIFT_EMIT_LOC_STRINGS = YES;
				SWIFT_VERSION = 5.0;
				TARGETED_DEVICE_FAMILY = "1,2";
			};
			name = Debug;
		};
		347E2C932B3128E500897F76 /* Release */ = {
			isa = XCBuildConfiguration;
			buildSettings = {
				ASSETCATALOG_COMPILER_APPICON_NAME = AppIcon;
				ASSETCATALOG_COMPILER_GLOBAL_ACCENT_COLOR_NAME = AccentColor;
				CODE_SIGN_ENTITLEMENTS = Landmarks/Landmarks.entitlements;
				CODE_SIGN_STYLE = Automatic;
				CURRENT_PROJECT_VERSION = 1;
				DEVELOPMENT_ASSET_PATHS = "\"Landmarks/Preview Content\"";
				DEVELOPMENT_TEAM = 23244392NK;
				ENABLE_HARDENED_RUNTIME = YES;
				ENABLE_PREVIEWS = YES;
				GENERATE_INFOPLIST_FILE = YES;
				"INFOPLIST_KEY_UIApplicationSceneManifest_Generation[sdk=iphoneos*]" = YES;
				"INFOPLIST_KEY_UIApplicationSceneManifest_Generation[sdk=iphonesimulator*]" = YES;
				"INFOPLIST_KEY_UIApplicationSupportsIndirectInputEvents[sdk=iphoneos*]" = YES;
				"INFOPLIST_KEY_UIApplicationSupportsIndirectInputEvents[sdk=iphonesimulator*]" = YES;
				"INFOPLIST_KEY_UILaunchScreen_Generation[sdk=iphoneos*]" = YES;
				"INFOPLIST_KEY_UILaunchScreen_Generation[sdk=iphonesimulator*]" = YES;
				"INFOPLIST_KEY_UIStatusBarStyle[sdk=iphoneos*]" = UIStatusBarStyleDefault;
				"INFOPLIST_KEY_UIStatusBarStyle[sdk=iphonesimulator*]" = UIStatusBarStyleDefault;
				INFOPLIST_KEY_UISupportedInterfaceOrientations_iPad = "UIInterfaceOrientationPortrait UIInterfaceOrientationPortraitUpsideDown UIInterfaceOrientationLandscapeLeft UIInterfaceOrientationLandscapeRight";
				INFOPLIST_KEY_UISupportedInterfaceOrientations_iPhone = "UIInterfaceOrientationPortrait UIInterfaceOrientationLandscapeLeft UIInterfaceOrientationLandscapeRight";
				IPHONEOS_DEPLOYMENT_TARGET = 17.1;
				LD_RUNPATH_SEARCH_PATHS = "@executable_path/Frameworks";
				"LD_RUNPATH_SEARCH_PATHS[sdk=macosx*]" = "@executable_path/../Frameworks";
				MACOSX_DEPLOYMENT_TARGET = 14.0;
				MARKETING_VERSION = 1.0;
				PRODUCT_BUNDLE_IDENTIFIER = com.soroush.test.Landmarks;
				PRODUCT_NAME = "$(TARGET_NAME)";
				SDKROOT = auto;
				SUPPORTED_PLATFORMS = "iphoneos iphonesimulator macosx";
				SWIFT_EMIT_LOC_STRINGS = YES;
				SWIFT_VERSION = 5.0;
				TARGETED_DEVICE_FAMILY = "1,2";
			};
			name = Release;
		};
/* End XCBuildConfiguration section */

/* Begin XCConfigurationList section */
		347E2C7D2B3128E400897F76 /* Build configuration list for PBXProject "Landmarks" */ = {
			isa = XCConfigurationList;
			buildConfigurations = (
				347E2C8F2B3128E500897F76 /* Debug */,
				347E2C902B3128E500897F76 /* Release */,
			);
			defaultConfigurationIsVisible = 0;
			defaultConfigurationName = Release;
		};
		347E2C912B3128E500897F76 /* Build configuration list for PBXNativeTarget "Landmarks" */ = {
			isa = XCConfigurationList;
			buildConfigurations = (
				347E2C922B3128E500897F76 /* Debug */,
				347E2C932B3128E500897F76 /* Release */,
			);
			defaultConfigurationIsVisible = 0;
			defaultConfigurationName = Release;
		};
/* End XCConfigurationList section */
	};
	rootObject = 347E2C7A2B3128E400897F76 /* Project object */;
}
